# This file is automatically @generated by Cargo.
# It is not intended for manual editing.
version = 4

[[package]]
name = "mw-agent"
version = "0.1.0"

[[package]]
name = "mw-audit"
version = "0.1.0"

[[package]]
name = "mw-ca"
version = "0.1.0"

[[package]]
name = "mw-cli"
version = "0.1.0"

[[package]]
name = "mw-control"
version = "0.1.0"

[[package]]
name = "mw-crypto"
version = "0.1.0"

[[package]]
name = "mw-discovery"
version = "0.1.0"

[[package]]
name = "mw-identity"
version = "0.1.0"

[[package]]
name = "mw-policy"
version = "0.1.0"

[[package]]
name = "mw-proto"
version = "0.1.0"

[[package]]
name = "mw-sandbox"
version = "0.1.0"

[[package]]
name = "mw-sim"
version = "0.1.0"

[[package]]
name = "mw-store"
version = "0.1.0"

[[package]]
name = "mw-task"
version = "0.1.0"

[[package]]
name = "mw-telemetry"
version = "0.1.0"

[[package]]
name = "mw-testkit"
version = "0.1.0"

[[package]]
name = "mw-transport"
version = "0.1.0"

[[package]]
name = "mw-trust"
version = "0.1.0"

[[package]]
name = "wl-challenge"
version = "0.1.0"

[[package]]
name = "wl-maptile"
version = "0.1.0"

[[package]]
name = "wl-montecarlo"
version = "0.1.0"

[[package]]
name = "wl-sensor-agg"
version = "0.1.0"

[[package]]
name = "wl-telemetry"
version = "0.1.0"

[[package]]
name = "xtask"
version = "0.1.0"
